
Microsoft Visual Studio Solution File, Format Version 12.00
# Visual Studio Version 16
VisualStudioVersion = 16.0.30104.148
MinimumVisualStudioVersion = 10.0.40219.1
Project("{8BC9CEB8-8B4A-11D0-8D11-00A0C91BC942}") = "Program1", "Program1\Program1.vcxproj", "{EAB2C289-E7E6-4532-B0B9-37E9ADB96C0C}"
EndProject
Project("{8BC9CEB8-8B4A-11D0-8D11-00A0C91BC942}") = "Program2", "Program2\Program2.vcxproj", "{8D009B10-03CB-4B83-A632-9AB5E5927583}"
EndProject
Project("{8BC9CEB8-8B4A-11D0-8D11-00A0C91BC942}") = "Program3", "Program3\Program3.vcxproj", "{2BB8BF82-9C18-4BFA-8DA9-405183252C40}"
EndProject
Project("{8BC9CEB8-8B4A-11D0-8D11-00A0C91BC942}") = "Program4", "Program4\Program4.vcxproj", "{E5B6F320-529E-4F59-A41A-1239994F5B33}"
EndProject
Project("{8BC9CEB8-8B4A-11D0-8D11-00A0C91BC942}") = "Program5", "Program5\Program5.vcxproj", "{B89892A7-294A-4FDC-B5CA-6B86805D3263}"
EndProject
Project("{8BC9CEB8-8B4A-11D0-8D11-00A0C91BC942}") = "Program6", "Program6\Program6.vcxproj", "{3CC23CB4-5F2B-417B-A329-C213186A8030}"
EndProject
Project("{8BC9CEB8-8B4A-11D0-8D11-00A0C91BC942}") = "Program7", "Program7\Program7.vcxproj", "{D1FCDF14-F871-4DC5-85BE-7A3571B5EE6D}"
EndProject
Project("{8BC9CEB8-8B4A-11D0-8D11-00A0C91BC942}") = "Program8", "Program8\Program8.vcxproj", "{3691E5EC-1D23-4504-83D3-C1347C6136A3}"
EndProject
Project("{8BC9CEB8-8B4A-11D0-8D11-00A0C91BC942}") = "Program9", "Program9\Program9.vcxproj", "{7CBE09A3-9075-4817-BBCA-2604C47004F8}"
EndProject
Project("{8BC9CEB8-8B4A-11D0-8D11-00A0C91BC942}") = "Program10", "Program10\Program10.vcxproj", "{BA5BF686-FF01-4E58-84AF-5958F613888B}"
EndProject
Project("{8BC9CEB8-8B4A-11D0-8D11-00A0C91BC942}") = "Program11", "Program11\Program11.vcxproj", "{054D63D1-C28C-4F9A-8FD7-CA0D66E787CA}"
EndProject
Project("{8BC9CEB8-8B4A-11D0-8D11-00A0C91BC942}") = "Program12", "Program12\Program12.vcxproj", "{A245E9E6-26B5-464E-8EB9-8B8212B6AC67}"
EndProject
Project("{8BC9CEB8-8B4A-11D0-8D11-00A0C91BC942}") = "Program13", "Program13\Program13.vcxproj", "{9BF9E1B2-F179-4B47-9AF6-1953B432649B}"
EndProject
Project("{8BC9CEB8-8B4A-11D0-8D11-00A0C91BC942}") = "Program14", "Program14\Program14.vcxproj", "{80D2F0B1-A10E-443E-8144-6C3670201965}"
EndProject
Project("{8BC9CEB8-8B4A-11D0-8D11-00A0C91BC942}") = "Program15", "Program15\Program15.vcxproj", "{7BCA9079-EB60-4AC2-8310-0908FEBE140F}"
EndProject
Project("{8BC9CEB8-8B4A-11D0-8D11-00A0C91BC942}") = "Program16", "Program16\Program16.vcxproj", "{CE843A2B-CADD-4751-9146-6DD57F611091}"
EndProject
Project("{8BC9CEB8-8B4A-11D0-8D11-00A0C91BC942}") = "Program17", "Program17\Program17.vcxproj", "{9BCD252C-8124-4B5C-B008-1B7A1B386217}"
EndProject
Project("{8BC9CEB8-8B4A-11D0-8D11-00A0C91BC942}") = "Program18", "Program18\Program18.vcxproj", "{1F28C539-EF78-4E92-8BA8-7501B021448D}"
EndProject
Project("{8BC9CEB8-8B4A-11D0-8D11-00A0C91BC942}") = "Program19", "Program19\Program19.vcxproj", "{52DA1F45-4C3E-4083-B6AD-41AA76091854}"
EndProject
Project("{8BC9CEB8-8B4A-11D0-8D11-00A0C91BC942}") = "Program20", "Program20\Program20.vcxproj", "{4C1FE494-D608-4D2C-B376-CE6546FC6944}"
EndProject
Project("{8BC9CEB8-8B4A-11D0-8D11-00A0C91BC942}") = "Program21", "Program21\Program21.vcxproj", "{EE64752F-561D-4184-922C-0E52D1E34723}"
EndProject
Project("{8BC9CEB8-8B4A-11D0-8D11-00A0C91BC942}") = "Program22", "Program22\Program22.vcxproj", "{45DCEAC7-B07E-4781-A434-FFD5AD6104DF}"
EndProject
Project("{8BC9CEB8-8B4A-11D0-8D11-00A0C91BC942}") = "Program23", "Program23\Program23.vcxproj", "{71FFBA56-6AB7-49E7-86F6-71643E0E9F4B}"
EndProject
Project("{8BC9CEB8-8B4A-11D0-8D11-00A0C91BC942}") = "Program24", "Program24\Program24.vcxproj", "{FD66238A-688E-41A7-B252-C60BD7334776}"
EndProject
Project("{8BC9CEB8-8B4A-11D0-8D11-00A0C91BC942}") = "Program25", "Program25\Program25.vcxproj", "{404BBA1E-603B-44A4-861F-9E73898F53AA}"
EndProject
Project("{8BC9CEB8-8B4A-11D0-8D11-00A0C91BC942}") = "Program26", "Program26\Program26.vcxproj", "{98C46634-E687-487F-B844-D106A3266602}"
EndProject
Project("{8BC9CEB8-8B4A-11D0-8D11-00A0C91BC942}") = "Program27", "Program27\Program27.vcxproj", "{3B76D5FE-00E6-404A-AD58-2F197A4A1CEF}"
EndProject
Project("{8BC9CEB8-8B4A-11D0-8D11-00A0C91BC942}") = "Program28", "Program28\Program28.vcxproj", "{16829D99-C196-4EDD-9D71-DCCDAA0AE65B}"
EndProject
Project("{8BC9CEB8-8B4A-11D0-8D11-00A0C91BC942}") = "Program29", "Program29\Program29.vcxproj", "{AB6000FD-C739-4030-BC52-E25AC81D941B}"
EndProject
Project("{8BC9CEB8-8B4A-11D0-8D11-00A0C91BC942}") = "Program30", "Program30\Program30.vcxproj", "{508D3F10-FC4C-41D2-84C3-7E1F2F8B4BB0}"
EndProject
Project("{8BC9CEB8-8B4A-11D0-8D11-00A0C91BC942}") = "Program31", "Program31\Program31.vcxproj", "{F4BD977E-8612-4DA4-A7D7-D1EFDB183EDB}"
EndProject
Project("{8BC9CEB8-8B4A-11D0-8D11-00A0C91BC942}") = "Program32", "Program32\Program32.vcxproj", "{C188BC54-8B1B-4B5A-9819-6F278E289F39}"
EndProject
Project("{8BC9CEB8-8B4A-11D0-8D11-00A0C91BC942}") = "Program33", "Program33\Program33.vcxproj", "{BB98EAF1-C99B-4965-A535-5A457E7BE87F}"
EndProject
Project("{8BC9CEB8-8B4A-11D0-8D11-00A0C91BC942}") = "Program34", "Program34\Program34.vcxproj", "{77892252-C11A-4A6A-B4A6-3F9BEF056FEB}"
EndProject
Project("{8BC9CEB8-8B4A-11D0-8D11-00A0C91BC942}") = "Program35", "Program35\Program35.vcxproj", "{48209202-D761-4405-ABB7-9C7E44FFB497}"
EndProject
Global
	GlobalSection(SolutionConfigurationPlatforms) = preSolution
		Debug|x64 = Debug|x64
		Debug|x86 = Debug|x86
		Release|x64 = Release|x64
		Release|x86 = Release|x86
	EndGlobalSection
	GlobalSection(ProjectConfigurationPlatforms) = postSolution
		{EAB2C289-E7E6-4532-B0B9-37E9ADB96C0C}.Debug|x64.ActiveCfg = Debug|x64
		{EAB2C289-E7E6-4532-B0B9-37E9ADB96C0C}.Debug|x64.Build.0 = Debug|x64
		{EAB2C289-E7E6-4532-B0B9-37E9ADB96C0C}.Debug|x86.ActiveCfg = Debug|Win32
		{EAB2C289-E7E6-4532-B0B9-37E9ADB96C0C}.Debug|x86.Build.0 = Debug|Win32
		{EAB2C289-E7E6-4532-B0B9-37E9ADB96C0C}.Release|x64.ActiveCfg = Release|x64
		{EAB2C289-E7E6-4532-B0B9-37E9ADB96C0C}.Release|x64.Build.0 = Release|x64
		{EAB2C289-E7E6-4532-B0B9-37E9ADB96C0C}.Release|x86.ActiveCfg = Release|Win32
		{EAB2C289-E7E6-4532-B0B9-37E9ADB96C0C}.Release|x86.Build.0 = Release|Win32
		{8D009B10-03CB-4B83-A632-9AB5E5927583}.Debug|x64.ActiveCfg = Debug|x64
		{8D009B10-03CB-4B83-A632-9AB5E5927583}.Debug|x64.Build.0 = Debug|x64
		{8D009B10-03CB-4B83-A632-9AB5E5927583}.Debug|x86.ActiveCfg = Debug|Win32
		{8D009B10-03CB-4B83-A632-9AB5E5927583}.Debug|x86.Build.0 = Debug|Win32
		{8D009B10-03CB-4B83-A632-9AB5E5927583}.Release|x64.ActiveCfg = Release|x64
		{8D009B10-03CB-4B83-A632-9AB5E5927583}.Release|x64.Build.0 = Release|x64
		{8D009B10-03CB-4B83-A632-9AB5E5927583}.Release|x86.ActiveCfg = Release|Win32
		{8D009B10-03CB-4B83-A632-9AB5E5927583}.Release|x86.Build.0 = Release|Win32
		{2BB8BF82-9C18-4BFA-8DA9-405183252C40}.Debug|x64.ActiveCfg = Debug|x64
		{2BB8BF82-9C18-4BFA-8DA9-405183252C40}.Debug|x64.Build.0 = Debug|x64
		{2BB8BF82-9C18-4BFA-8DA9-405183252C40}.Debug|x86.ActiveCfg = Debug|Win32
		{2BB8BF82-9C18-4BFA-8DA9-405183252C40}.Debug|x86.Build.0 = Debug|Win32
		{2BB8BF82-9C18-4BFA-8DA9-405183252C40}.Release|x64.ActiveCfg = Release|x64
		{2BB8BF82-9C18-4BFA-8DA9-405183252C40}.Release|x64.Build.0 = Release|x64
		{2BB8BF82-9C18-4BFA-8DA9-405183252C40}.Release|x86.ActiveCfg = Release|Win32
		{2BB8BF82-9C18-4BFA-8DA9-405183252C40}.Release|x86.Build.0 = Release|Win32
		{E5B6F320-529E-4F59-A41A-1239994F5B33}.Debug|x64.ActiveCfg = Debug|x64
		{E5B6F320-529E-4F59-A41A-1239994F5B33}.Debug|x64.Build.0 = Debug|x64
		{E5B6F320-529E-4F59-A41A-1239994F5B33}.Debug|x86.ActiveCfg = Debug|Win32
		{E5B6F320-529E-4F59-A41A-1239994F5B33}.Debug|x86.Build.0 = Debug|Win32
		{E5B6F320-529E-4F59-A41A-1239994F5B33}.Release|x64.ActiveCfg = Release|x64
		{E5B6F320-529E-4F59-A41A-1239994F5B33}.Release|x64.Build.0 = Release|x64
		{E5B6F320-529E-4F59-A41A-1239994F5B33}.Release|x86.ActiveCfg = Release|Win32
		{E5B6F320-529E-4F59-A41A-1239994F5B33}.Release|x86.Build.0 = Release|Win32
		{B89892A7-294A-4FDC-B5CA-6B86805D3263}.Debug|x64.ActiveCfg = Debug|x64
		{B89892A7-294A-4FDC-B5CA-6B86805D3263}.Debug|x64.Build.0 = Debug|x64
		{B89892A7-294A-4FDC-B5CA-6B86805D3263}.Debug|x86.ActiveCfg = Debug|Win32
		{B89892A7-294A-4FDC-B5CA-6B86805D3263}.Debug|x86.Build.0 = Debug|Win32
		{B89892A7-294A-4FDC-B5CA-6B86805D3263}.Release|x64.ActiveCfg = Release|x64
		{B89892A7-294A-4FDC-B5CA-6B86805D3263}.Release|x64.Build.0 = Release|x64
		{B89892A7-294A-4FDC-B5CA-6B86805D3263}.Release|x86.ActiveCfg = Release|Win32
		{B89892A7-294A-4FDC-B5CA-6B86805D3263}.Release|x86.Build.0 = Release|Win32
		{3CC23CB4-5F2B-417B-A329-C213186A8030}.Debug|x64.ActiveCfg = Debug|x64
		{3CC23CB4-5F2B-417B-A329-C213186A8030}.Debug|x64.Build.0 = Debug|x64
		{3CC23CB4-5F2B-417B-A329-C213186A8030}.Debug|x86.ActiveCfg = Debug|Win32
		{3CC23CB4-5F2B-417B-A329-C213186A8030}.Debug|x86.Build.0 = Debug|Win32
		{3CC23CB4-5F2B-417B-A329-C213186A8030}.Release|x64.ActiveCfg = Release|x64
		{3CC23CB4-5F2B-417B-A329-C213186A8030}.Release|x64.Build.0 = Release|x64
		{3CC23CB4-5F2B-417B-A329-C213186A8030}.Release|x86.ActiveCfg = Release|Win32
		{3CC23CB4-5F2B-417B-A329-C213186A8030}.Release|x86.Build.0 = Release|Win32
		{D1FCDF14-F871-4DC5-85BE-7A3571B5EE6D}.Debug|x64.ActiveCfg = Debug|x64
		{D1FCDF14-F871-4DC5-85BE-7A3571B5EE6D}.Debug|x64.Build.0 = Debug|x64
		{D1FCDF14-F871-4DC5-85BE-7A3571B5EE6D}.Debug|x86.ActiveCfg = Debug|Win32
		{D1FCDF14-F871-4DC5-85BE-7A3571B5EE6D}.Debug|x86.Build.0 = Debug|Win32
		{D1FCDF14-F871-4DC5-85BE-7A3571B5EE6D}.Release|x64.ActiveCfg = Release|x64
		{D1FCDF14-F871-4DC5-85BE-7A3571B5EE6D}.Release|x64.Build.0 = Release|x64
		{D1FCDF14-F871-4DC5-85BE-7A3571B5EE6D}.Release|x86.ActiveCfg = Release|Win32
		{D1FCDF14-F871-4DC5-85BE-7A3571B5EE6D}.Release|x86.Build.0 = Release|Win32
		{3691E5EC-1D23-4504-83D3-C1347C6136A3}.Debug|x64.ActiveCfg = Debug|x64
		{3691E5EC-1D23-4504-83D3-C1347C6136A3}.Debug|x64.Build.0 = Debug|x64
		{3691E5EC-1D23-4504-83D3-C1347C6136A3}.Debug|x86.ActiveCfg = Debug|Win32
		{3691E5EC-1D23-4504-83D3-C1347C6136A3}.Debug|x86.Build.0 = Debug|Win32
		{3691E5EC-1D23-4504-83D3-C1347C6136A3}.Release|x64.ActiveCfg = Release|x64
		{3691E5EC-1D23-4504-83D3-C1347C6136A3}.Release|x64.Build.0 = Release|x64
		{3691E5EC-1D23-4504-83D3-C1347C6136A3}.Release|x86.ActiveCfg = Release|Win32
		{3691E5EC-1D23-4504-83D3-C1347C6136A3}.Release|x86.Build.0 = Release|Win32
		{7CBE09A3-9075-4817-BBCA-2604C47004F8}.Debug|x64.ActiveCfg = Debug|x64
		{7CBE09A3-9075-4817-BBCA-2604C47004F8}.Debug|x64.Build.0 = Debug|x64
		{7CBE09A3-9075-4817-BBCA-2604C47004F8}.Debug|x86.ActiveCfg = Debug|Win32
		{7CBE09A3-9075-4817-BBCA-2604C47004F8}.Debug|x86.Build.0 = Debug|Win32
		{7CBE09A3-9075-4817-BBCA-2604C47004F8}.Release|x64.ActiveCfg = Release|x64
		{7CBE09A3-9075-4817-BBCA-2604C47004F8}.Release|x64.Build.0 = Release|x64
		{7CBE09A3-9075-4817-BBCA-2604C47004F8}.Release|x86.ActiveCfg = Release|Win32
		{7CBE09A3-9075-4817-BBCA-2604C47004F8}.Release|x86.Build.0 = Release|Win32
		{BA5BF686-FF01-4E58-84AF-5958F613888B}.Debug|x64.ActiveCfg = Debug|x64
		{BA5BF686-FF01-4E58-84AF-5958F613888B}.Debug|x64.Build.0 = Debug|x64
		{BA5BF686-FF01-4E58-84AF-5958F613888B}.Debug|x86.ActiveCfg = Debug|Win32
		{BA5BF686-FF01-4E58-84AF-5958F613888B}.Debug|x86.Build.0 = Debug|Win32
		{BA5BF686-FF01-4E58-84AF-5958F613888B}.Release|x64.ActiveCfg = Release|x64
		{BA5BF686-FF01-4E58-84AF-5958F613888B}.Release|x64.Build.0 = Release|x64
		{BA5BF686-FF01-4E58-84AF-5958F613888B}.Release|x86.ActiveCfg = Release|Win32
		{BA5BF686-FF01-4E58-84AF-5958F613888B}.Release|x86.Build.0 = Release|Win32
		{054D63D1-C28C-4F9A-8FD7-CA0D66E787CA}.Debug|x64.ActiveCfg = Debug|x64
		{054D63D1-C28C-4F9A-8FD7-CA0D66E787CA}.Debug|x64.Build.0 = Debug|x64
		{054D63D1-C28C-4F9A-8FD7-CA0D66E787CA}.Debug|x86.ActiveCfg = Debug|Win32
		{054D63D1-C28C-4F9A-8FD7-CA0D66E787CA}.Debug|x86.Build.0 = Debug|Win32
		{054D63D1-C28C-4F9A-8FD7-CA0D66E787CA}.Release|x64.ActiveCfg = Release|x64
		{054D63D1-C28C-4F9A-8FD7-CA0D66E787CA}.Release|x64.Build.0 = Release|x64
		{054D63D1-C28C-4F9A-8FD7-CA0D66E787CA}.Release|x86.ActiveCfg = Release|Win32
		{054D63D1-C28C-4F9A-8FD7-CA0D66E787CA}.Release|x86.Build.0 = Release|Win32
		{A245E9E6-26B5-464E-8EB9-8B8212B6AC67}.Debug|x64.ActiveCfg = Debug|x64
		{A245E9E6-26B5-464E-8EB9-8B8212B6AC67}.Debug|x64.Build.0 = Debug|x64
		{A245E9E6-26B5-464E-8EB9-8B8212B6AC67}.Debug|x86.ActiveCfg = Debug|Win32
		{A245E9E6-26B5-464E-8EB9-8B8212B6AC67}.Debug|x86.Build.0 = Debug|Win32
		{A245E9E6-26B5-464E-8EB9-8B8212B6AC67}.Release|x64.ActiveCfg = Release|x64
		{A245E9E6-26B5-464E-8EB9-8B8212B6AC67}.Release|x64.Build.0 = Release|x64
		{A245E9E6-26B5-464E-8EB9-8B8212B6AC67}.Release|x86.ActiveCfg = Release|Win32
		{A245E9E6-26B5-464E-8EB9-8B8212B6AC67}.Release|x86.Build.0 = Release|Win32
		{9BF9E1B2-F179-4B47-9AF6-1953B432649B}.Debug|x64.ActiveCfg = Debug|x64
		{9BF9E1B2-F179-4B47-9AF6-1953B432649B}.Debug|x64.Build.0 = Debug|x64
		{9BF9E1B2-F179-4B47-9AF6-1953B432649B}.Debug|x86.ActiveCfg = Debug|Win32
		{9BF9E1B2-F179-4B47-9AF6-1953B432649B}.Debug|x86.Build.0 = Debug|Win32
		{9BF9E1B2-F179-4B47-9AF6-1953B432649B}.Release|x64.ActiveCfg = Release|x64
		{9BF9E1B2-F179-4B47-9AF6-1953B432649B}.Release|x64.Build.0 = Release|x64
		{9BF9E1B2-F179-4B47-9AF6-1953B432649B}.Release|x86.ActiveCfg = Release|Win32
		{9BF9E1B2-F179-4B47-9AF6-1953B432649B}.Release|x86.Build.0 = Release|Win32
		{80D2F0B1-A10E-443E-8144-6C3670201965}.Debug|x64.ActiveCfg = Debug|x64
		{80D2F0B1-A10E-443E-8144-6C3670201965}.Debug|x64.Build.0 = Debug|x64
		{80D2F0B1-A10E-443E-8144-6C3670201965}.Debug|x86.ActiveCfg = Debug|Win32
		{80D2F0B1-A10E-443E-8144-6C3670201965}.Debug|x86.Build.0 = Debug|Win32
		{80D2F0B1-A10E-443E-8144-6C3670201965}.Release|x64.ActiveCfg = Release|x64
		{80D2F0B1-A10E-443E-8144-6C3670201965}.Release|x64.Build.0 = Release|x64
		{80D2F0B1-A10E-443E-8144-6C3670201965}.Release|x86.ActiveCfg = Release|Win32
		{80D2F0B1-A10E-443E-8144-6C3670201965}.Release|x86.Build.0 = Release|Win32
		{7BCA9079-EB60-4AC2-8310-0908FEBE140F}.Debug|x64.ActiveCfg = Debug|x64
		{7BCA9079-EB60-4AC2-8310-0908FEBE140F}.Debug|x64.Build.0 = Debug|x64
		{7BCA9079-EB60-4AC2-8310-0908FEBE140F}.Debug|x86.ActiveCfg = Debug|Win32
		{7BCA9079-EB60-4AC2-8310-0908FEBE140F}.Debug|x86.Build.0 = Debug|Win32
		{7BCA9079-EB60-4AC2-8310-0908FEBE140F}.Release|x64.ActiveCfg = Release|x64
		{7BCA9079-EB60-4AC2-8310-0908FEBE140F}.Release|x64.Build.0 = Release|x64
		{7BCA9079-EB60-4AC2-8310-0908FEBE140F}.Release|x86.ActiveCfg = Release|Win32
		{7BCA9079-EB60-4AC2-8310-0908FEBE140F}.Release|x86.Build.0 = Release|Win32
		{CE843A2B-CADD-4751-9146-6DD57F611091}.Debug|x64.ActiveCfg = Debug|x64
		{CE843A2B-CADD-4751-9146-6DD57F611091}.Debug|x64.Build.0 = Debug|x64
		{CE843A2B-CADD-4751-9146-6DD57F611091}.Debug|x86.ActiveCfg = Debug|Win32
		{CE843A2B-CADD-4751-9146-6DD57F611091}.Debug|x86.Build.0 = Debug|Win32
		{CE843A2B-CADD-4751-9146-6DD57F611091}.Release|x64.ActiveCfg = Release|x64
		{CE843A2B-CADD-4751-9146-6DD57F611091}.Release|x64.Build.0 = Release|x64
		{CE843A2B-CADD-4751-9146-6DD57F611091}.Release|x86.ActiveCfg = Release|Win32
		{CE843A2B-CADD-4751-9146-6DD57F611091}.Release|x86.Build.0 = Release|Win32
		{9BCD252C-8124-4B5C-B008-1B7A1B386217}.Debug|x64.ActiveCfg = Debug|x64
		{9BCD252C-8124-4B5C-B008-1B7A1B386217}.Debug|x64.Build.0 = Debug|x64
		{9BCD252C-8124-4B5C-B008-1B7A1B386217}.Debug|x86.ActiveCfg = Debug|Win32
		{9BCD252C-8124-4B5C-B008-1B7A1B386217}.Debug|x86.Build.0 = Debug|Win32
		{9BCD252C-8124-4B5C-B008-1B7A1B386217}.Release|x64.ActiveCfg = Release|x64
		{9BCD252C-8124-4B5C-B008-1B7A1B386217}.Release|x64.Build.0 = Release|x64
		{9BCD252C-8124-4B5C-B008-1B7A1B386217}.Release|x86.ActiveCfg = Release|Win32
		{9BCD252C-8124-4B5C-B008-1B7A1B386217}.Release|x86.Build.0 = Release|Win32
		{1F28C539-EF78-4E92-8BA8-7501B021448D}.Debug|x64.ActiveCfg = Debug|x64
		{1F28C539-EF78-4E92-8BA8-7501B021448D}.Debug|x64.Build.0 = Debug|x64
		{1F28C539-EF78-4E92-8BA8-7501B021448D}.Debug|x86.ActiveCfg = Debug|Win32
		{1F28C539-EF78-4E92-8BA8-7501B021448D}.Debug|x86.Build.0 = Debug|Win32
		{1F28C539-EF78-4E92-8BA8-7501B021448D}.Release|x64.ActiveCfg = Release|x64
		{1F28C539-EF78-4E92-8BA8-7501B021448D}.Release|x64.Build.0 = Release|x64
		{1F28C539-EF78-4E92-8BA8-7501B021448D}.Release|x86.ActiveCfg = Release|Win32
		{1F28C539-EF78-4E92-8BA8-7501B021448D}.Release|x86.Build.0 = Release|Win32
		{52DA1F45-4C3E-4083-B6AD-41AA76091854}.Debug|x64.ActiveCfg = Debug|x64
		{52DA1F45-4C3E-4083-B6AD-41AA76091854}.Debug|x64.Build.0 = Debug|x64
		{52DA1F45-4C3E-4083-B6AD-41AA76091854}.Debug|x86.ActiveCfg = Debug|Win32
		{52DA1F45-4C3E-4083-B6AD-41AA76091854}.Debug|x86.Build.0 = Debug|Win32
		{52DA1F45-4C3E-4083-B6AD-41AA76091854}.Release|x64.ActiveCfg = Release|x64
		{52DA1F45-4C3E-4083-B6AD-41AA76091854}.Release|x64.Build.0 = Release|x64
		{52DA1F45-4C3E-4083-B6AD-41AA76091854}.Release|x86.ActiveCfg = Release|Win32
		{52DA1F45-4C3E-4083-B6AD-41AA76091854}.Release|x86.Build.0 = Release|Win32
		{4C1FE494-D608-4D2C-B376-CE6546FC6944}.Debug|x64.ActiveCfg = Debug|x64
		{4C1FE494-D608-4D2C-B376-CE6546FC6944}.Debug|x64.Build.0 = Debug|x64
		{4C1FE494-D608-4D2C-B376-CE6546FC6944}.Debug|x86.ActiveCfg = Debug|Win32
		{4C1FE494-D608-4D2C-B376-CE6546FC6944}.Debug|x86.Build.0 = Debug|Win32
		{4C1FE494-D608-4D2C-B376-CE6546FC6944}.Release|x64.ActiveCfg = Release|x64
		{4C1FE494-D608-4D2C-B376-CE6546FC6944}.Release|x64.Build.0 = Release|x64
		{4C1FE494-D608-4D2C-B376-CE6546FC6944}.Release|x86.ActiveCfg = Release|Win32
		{4C1FE494-D608-4D2C-B376-CE6546FC6944}.Release|x86.Build.0 = Release|Win32
		{EE64752F-561D-4184-922C-0E52D1E34723}.Debug|x64.ActiveCfg = Debug|x64
		{EE64752F-561D-4184-922C-0E52D1E34723}.Debug|x64.Build.0 = Debug|x64
		{EE64752F-561D-4184-922C-0E52D1E34723}.Debug|x86.ActiveCfg = Debug|Win32
		{EE64752F-561D-4184-922C-0E52D1E34723}.Debug|x86.Build.0 = Debug|Win32
		{EE64752F-561D-4184-922C-0E52D1E34723}.Release|x64.ActiveCfg = Release|x64
		{EE64752F-561D-4184-922C-0E52D1E34723}.Release|x64.Build.0 = Release|x64
		{EE64752F-561D-4184-922C-0E52D1E34723}.Release|x86.ActiveCfg = Release|Win32
		{EE64752F-561D-4184-922C-0E52D1E34723}.Release|x86.Build.0 = Release|Win32
		{45DCEAC7-B07E-4781-A434-FFD5AD6104DF}.Debug|x64.ActiveCfg = Debug|x64
		{45DCEAC7-B07E-4781-A434-FFD5AD6104DF}.Debug|x64.Build.0 = Debug|x64
		{45DCEAC7-B07E-4781-A434-FFD5AD6104DF}.Debug|x86.ActiveCfg = Debug|Win32
		{45DCEAC7-B07E-4781-A434-FFD5AD6104DF}.Debug|x86.Build.0 = Debug|Win32
		{45DCEAC7-B07E-4781-A434-FFD5AD6104DF}.Release|x64.ActiveCfg = Release|x64
		{45DCEAC7-B07E-4781-A434-FFD5AD6104DF}.Release|x64.Build.0 = Release|x64
		{45DCEAC7-B07E-4781-A434-FFD5AD6104DF}.Release|x86.ActiveCfg = Release|Win32
		{45DCEAC7-B07E-4781-A434-FFD5AD6104DF}.Release|x86.Build.0 = Release|Win32
		{71FFBA56-6AB7-49E7-86F6-71643E0E9F4B}.Debug|x64.ActiveCfg = Debug|x64
		{71FFBA56-6AB7-49E7-86F6-71643E0E9F4B}.Debug|x64.Build.0 = Debug|x64
		{71FFBA56-6AB7-49E7-86F6-71643E0E9F4B}.Debug|x86.ActiveCfg = Debug|Win32
		{71FFBA56-6AB7-49E7-86F6-71643E0E9F4B}.Debug|x86.Build.0 = Debug|Win32
		{71FFBA56-6AB7-49E7-86F6-71643E0E9F4B}.Release|x64.ActiveCfg = Release|x64
		{71FFBA56-6AB7-49E7-86F6-71643E0E9F4B}.Release|x64.Build.0 = Release|x64
		{71FFBA56-6AB7-49E7-86F6-71643E0E9F4B}.Release|x86.ActiveCfg = Release|Win32
		{71FFBA56-6AB7-49E7-86F6-71643E0E9F4B}.Release|x86.Build.0 = Release|Win32
		{FD66238A-688E-41A7-B252-C60BD7334776}.Debug|x64.ActiveCfg = Debug|x64
		{FD66238A-688E-41A7-B252-C60BD7334776}.Debug|x64.Build.0 = Debug|x64
		{FD66238A-688E-41A7-B252-C60BD7334776}.Debug|x86.ActiveCfg = Debug|Win32
		{FD66238A-688E-41A7-B252-C60BD7334776}.Debug|x86.Build.0 = Debug|Win32
		{FD66238A-688E-41A7-B252-C60BD7334776}.Release|x64.ActiveCfg = Release|x64
		{FD66238A-688E-41A7-B252-C60BD7334776}.Release|x64.Build.0 = Release|x64
		{FD66238A-688E-41A7-B252-C60BD7334776}.Release|x86.ActiveCfg = Release|Win32
		{FD66238A-688E-41A7-B252-C60BD7334776}.Release|x86.Build.0 = Release|Win32
		{404BBA1E-603B-44A4-861F-9E73898F53AA}.Debug|x64.ActiveCfg = Debug|x64
		{404BBA1E-603B-44A4-861F-9E73898F53AA}.Debug|x64.Build.0 = Debug|x64
		{404BBA1E-603B-44A4-861F-9E73898F53AA}.Debug|x86.ActiveCfg = Debug|Win32
		{404BBA1E-603B-44A4-861F-9E73898F53AA}.Debug|x86.Build.0 = Debug|Win32
		{404BBA1E-603B-44A4-861F-9E73898F53AA}.Release|x64.ActiveCfg = Release|x64
		{404BBA1E-603B-44A4-861F-9E73898F53AA}.Release|x64.Build.0 = Release|x64
		{404BBA1E-603B-44A4-861F-9E73898F53AA}.Release|x86.ActiveCfg = Release|Win32
		{404BBA1E-603B-44A4-861F-9E73898F53AA}.Release|x86.Build.0 = Release|Win32
		{98C46634-E687-487F-B844-D106A3266602}.Debug|x64.ActiveCfg = Debug|x64
		{98C46634-E687-487F-B844-D106A3266602}.Debug|x64.Build.0 = Debug|x64
		{98C46634-E687-487F-B844-D106A3266602}.Debug|x86.ActiveCfg = Debug|Win32
		{98C46634-E687-487F-B844-D106A3266602}.Debug|x86.Build.0 = Debug|Win32
		{98C46634-E687-487F-B844-D106A3266602}.Release|x64.ActiveCfg = Release|x64
		{98C46634-E687-487F-B844-D106A3266602}.Release|x64.Build.0 = Release|x64
		{98C46634-E687-487F-B844-D106A3266602}.Release|x86.ActiveCfg = Release|Win32
		{98C46634-E687-487F-B844-D106A3266602}.Release|x86.Build.0 = Release|Win32
		{3B76D5FE-00E6-404A-AD58-2F197A4A1CEF}.Debug|x64.ActiveCfg = Debug|x64
		{3B76D5FE-00E6-404A-AD58-2F197A4A1CEF}.Debug|x64.Build.0 = Debug|x64
		{3B76D5FE-00E6-404A-AD58-2F197A4A1CEF}.Debug|x86.ActiveCfg = Debug|Win32
		{3B76D5FE-00E6-404A-AD58-2F197A4A1CEF}.Debug|x86.Build.0 = Debug|Win32
		{3B76D5FE-00E6-404A-AD58-2F197A4A1CEF}.Release|x64.ActiveCfg = Release|x64
		{3B76D5FE-00E6-404A-AD58-2F197A4A1CEF}.Release|x64.Build.0 = Release|x64
		{3B76D5FE-00E6-404A-AD58-2F197A4A1CEF}.Release|x86.ActiveCfg = Release|Win32
		{3B76D5FE-00E6-404A-AD58-2F197A4A1CEF}.Release|x86.Build.0 = Release|Win32
		{16829D99-C196-4EDD-9D71-DCCDAA0AE65B}.Debug|x64.ActiveCfg = Debug|x64
		{16829D99-C196-4EDD-9D71-DCCDAA0AE65B}.Debug|x64.Build.0 = Debug|x64
		{16829D99-C196-4EDD-9D71-DCCDAA0AE65B}.Debug|x86.ActiveCfg = Debug|Win32
		{16829D99-C196-4EDD-9D71-DCCDAA0AE65B}.Debug|x86.Build.0 = Debug|Win32
		{16829D99-C196-4EDD-9D71-DCCDAA0AE65B}.Release|x64.ActiveCfg = Release|x64
		{16829D99-C196-4EDD-9D71-DCCDAA0AE65B}.Release|x64.Build.0 = Release|x64
		{16829D99-C196-4EDD-9D71-DCCDAA0AE65B}.Release|x86.ActiveCfg = Release|Win32
		{16829D99-C196-4EDD-9D71-DCCDAA0AE65B}.Release|x86.Build.0 = Release|Win32
		{AB6000FD-C739-4030-BC52-E25AC81D941B}.Debug|x64.ActiveCfg = Debug|x64
		{AB6000FD-C739-4030-BC52-E25AC81D941B}.Debug|x64.Build.0 = Debug|x64
		{AB6000FD-C739-4030-BC52-E25AC81D941B}.Debug|x86.ActiveCfg = Debug|Win32
		{AB6000FD-C739-4030-BC52-E25AC81D941B}.Debug|x86.Build.0 = Debug|Win32
		{AB6000FD-C739-4030-BC52-E25AC81D941B}.Release|x64.ActiveCfg = Release|x64
		{AB6000FD-C739-4030-BC52-E25AC81D941B}.Release|x64.Build.0 = Release|x64
		{AB6000FD-C739-4030-BC52-E25AC81D941B}.Release|x86.ActiveCfg = Release|Win32
		{AB6000FD-C739-4030-BC52-E25AC81D941B}.Release|x86.Build.0 = Release|Win32
		{508D3F10-FC4C-41D2-84C3-7E1F2F8B4BB0}.Debug|x64.ActiveCfg = Debug|x64
		{508D3F10-FC4C-41D2-84C3-7E1F2F8B4BB0}.Debug|x64.Build.0 = Debug|x64
		{508D3F10-FC4C-41D2-84C3-7E1F2F8B4BB0}.Debug|x86.ActiveCfg = Debug|Win32
		{508D3F10-FC4C-41D2-84C3-7E1F2F8B4BB0}.Debug|x86.Build.0 = Debug|Win32
		{508D3F10-FC4C-41D2-84C3-7E1F2F8B4BB0}.Release|x64.ActiveCfg = Release|x64
		{508D3F10-FC4C-41D2-84C3-7E1F2F8B4BB0}.Release|x64.Build.0 = Release|x64
		{508D3F10-FC4C-41D2-84C3-7E1F2F8B4BB0}.Release|x86.ActiveCfg = Release|Win32
		{508D3F10-FC4C-41D2-84C3-7E1F2F8B4BB0}.Release|x86.Build.0 = Release|Win32
		{F4BD977E-8612-4DA4-A7D7-D1EFDB183EDB}.Debug|x64.ActiveCfg = Debug|x64
		{F4BD977E-8612-4DA4-A7D7-D1EFDB183EDB}.Debug|x64.Build.0 = Debug|x64
		{F4BD977E-8612-4DA4-A7D7-D1EFDB183EDB}.Debug|x86.ActiveCfg = Debug|Win32
		{F4BD977E-8612-4DA4-A7D7-D1EFDB183EDB}.Debug|x86.Build.0 = Debug|Win32
		{F4BD977E-8612-4DA4-A7D7-D1EFDB183EDB}.Release|x64.ActiveCfg = Release|x64
		{F4BD977E-8612-4DA4-A7D7-D1EFDB183EDB}.Release|x64.Build.0 = Release|x64
		{F4BD977E-8612-4DA4-A7D7-D1EFDB183EDB}.Release|x86.ActiveCfg = Release|Win32
		{F4BD977E-8612-4DA4-A7D7-D1EFDB183EDB}.Release|x86.Build.0 = Release|Win32
		{C188BC54-8B1B-4B5A-9819-6F278E289F39}.Debug|x64.ActiveCfg = Debug|x64
		{C188BC54-8B1B-4B5A-9819-6F278E289F39}.Debug|x64.Build.0 = Debug|x64
		{C188BC54-8B1B-4B5A-9819-6F278E289F39}.Debug|x86.ActiveCfg = Debug|Win32
		{C188BC54-8B1B-4B5A-9819-6F278E289F39}.Debug|x86.Build.0 = Debug|Win32
		{C188BC54-8B1B-4B5A-9819-6F278E289F39}.Release|x64.ActiveCfg = Release|x64
		{C188BC54-8B1B-4B5A-9819-6F278E289F39}.Release|x64.Build.0 = Release|x64
		{C188BC54-8B1B-4B5A-9819-6F278E289F39}.Release|x86.ActiveCfg = Release|Win32
		{C188BC54-8B1B-4B5A-9819-6F278E289F39}.Release|x86.Build.0 = Release|Win32
		{BB98EAF1-C99B-4965-A535-5A457E7BE87F}.Debug|x64.ActiveCfg = Debug|x64
		{BB98EAF1-C99B-4965-A535-5A457E7BE87F}.Debug|x64.Build.0 = Debug|x64
		{BB98EAF1-C99B-4965-A535-5A457E7BE87F}.Debug|x86.ActiveCfg = Debug|Win32
		{BB98EAF1-C99B-4965-A535-5A457E7BE87F}.Debug|x86.Build.0 = Debug|Win32
		{BB98EAF1-C99B-4965-A535-5A457E7BE87F}.Release|x64.ActiveCfg = Release|x64
		{BB98EAF1-C99B-4965-A535-5A457E7BE87F}.Release|x64.Build.0 = Release|x64
		{BB98EAF1-C99B-4965-A535-5A457E7BE87F}.Release|x86.ActiveCfg = Release|Win32
		{BB98EAF1-C99B-4965-A535-5A457E7BE87F}.Release|x86.Build.0 = Release|Win32
		{77892252-C11A-4A6A-B4A6-3F9BEF056FEB}.Debug|x64.ActiveCfg = Debug|x64
		{77892252-C11A-4A6A-B4A6-3F9BEF056FEB}.Debug|x64.Build.0 = Debug|x64
		{77892252-C11A-4A6A-B4A6-3F9BEF056FEB}.Debug|x86.ActiveCfg = Debug|Win32
		{77892252-C11A-4A6A-B4A6-3F9BEF056FEB}.Debug|x86.Build.0 = Debug|Win32
		{77892252-C11A-4A6A-B4A6-3F9BEF056FEB}.Release|x64.ActiveCfg = Release|x64
		{77892252-C11A-4A6A-B4A6-3F9BEF056FEB}.Release|x64.Build.0 = Release|x64
		{77892252-C11A-4A6A-B4A6-3F9BEF056FEB}.Release|x86.ActiveCfg = Release|Win32
		{77892252-C11A-4A6A-B4A6-3F9BEF056FEB}.Release|x86.Build.0 = Release|Win32
		{48209202-D761-4405-ABB7-9C7E44FFB497}.Debug|x64.ActiveCfg = Debug|x64
		{48209202-D761-4405-ABB7-9C7E44FFB497}.Debug|x64.Build.0 = Debug|x64
		{48209202-D761-4405-ABB7-9C7E44FFB497}.Debug|x86.ActiveCfg = Debug|Win32
		{48209202-D761-4405-ABB7-9C7E44FFB497}.Debug|x86.Build.0 = Debug|Win32
		{48209202-D761-4405-ABB7-9C7E44FFB497}.Release|x64.ActiveCfg = Release|x64
		{48209202-D761-4405-ABB7-9C7E44FFB497}.Release|x64.Build.0 = Release|x64
		{48209202-D761-4405-ABB7-9C7E44FFB497}.Release|x86.ActiveCfg = Release|Win32
		{48209202-D761-4405-ABB7-9C7E44FFB497}.Release|x86.Build.0 = Release|Win32
	EndGlobalSection
	GlobalSection(SolutionProperties) = preSolution
		HideSolutionNode = FALSE
	EndGlobalSection
	GlobalSection(ExtensibilityGlobals) = postSolution
		SolutionGuid = {4810ABC1-773C-4285-AEB0-30253705736A}
	EndGlobalSection
EndGlobal
